
Microsoft Visual Studio Solution File, Format Version 12.00
# Visual Studio 2013
VisualStudioVersion = 12.0.31101.0
MinimumVisualStudioVersion = 10.0.40219.1
Project("{FAE04EC0-301F-11D3-BF4B-00C04F79EFBC}") = "ClientB", "ClientB\ClientB.csproj", "{1EA5A889-B4FD-46A7-A70A-F75475BE00F8}"
EndProject
Global
	GlobalSection(SolutionConfigurationPlatforms) = preSolution
		Debug|Any CPU = Debug|Any CPU
		Release|Any CPU = Release|Any CPU
	EndGlobalSection
	GlobalSection(ProjectConfigurationPlatforms) = postSolution
		{1EA5A889-B4FD-46A7-A70A-F75475BE00F8}.Debug|Any CPU.ActiveCfg = Debug|Any CPU
		{1EA5A889-B4FD-46A7-A70A-F75475BE00F8}.Debug|Any CPU.Build.0 = Debug|Any CPU
		{1EA5A889-B4FD-46A7-A70A-F75475BE00F8}.Release|Any CPU.ActiveCfg = Release|Any CPU
		{1EA5A889-B4FD-46A7-A70A-F75475BE00F8}.Release|Any CPU.Build.0 = Release|Any CPU
	EndGlobalSection
	GlobalSection(SolutionProperties) = preSolution
		HideSolutionNode = FALSE
	EndGlobalSection
EndGlobal
